{
  "name": "example-node-unrar",
  "version": "0.0.0",
  "lockfileVersion": 2,
  "requires": true,
  "packages": {
    "": {
      "name": "example-node-unrar",
      "version": "0.0.0",
      "license": "ISC",
      "dependencies": {
        "node-unrar-js": "1.0.6"
      }
    },
    "node_modules/node-unrar-js": {
      "version": "1.0.6",
      "resolved": "https://registry.npmjs.org/node-unrar-js/-/node-unrar-js-1.0.6.tgz",
      "integrity": "sha512-jObs9hXUmXldlQI04/oYb+97RolAx4aJO08Rz5mRE/wFdwzcftuffEPZLZao+c0nKiwXCT77ZUN+sp/5lnpA2w==",
      "engines": {
        "node": ">=10.0.0"
      }
    }
  },
  "dependencies": {
    "node-unrar-js": {
      "version": "1.0.6",
      "resolved": "https://registry.npmjs.org/node-unrar-js/-/node-unrar-js-1.0.6.tgz",
      "integrity": "sha512-jObs9hXUmXldlQI04/oYb+97RolAx4aJO08Rz5mRE/wFdwzcftuffEPZLZao+c0nKiwXCT77ZUN+sp/5lnpA2w=="
    }
  }
}
